github.com/aamiel16/go-urlshortener v0.0.0-20200928082057-7f1c85e108a2 h1:6DJkI3jbQLn8bM9rZ1yuzRFa4hMr0WJZJDoYcRBeHiU=
github.com/gophercises/urlshort v0.0.0-20190723121003-cc800dbaf411 h1:jXluXk94Xa6OHiVJFuYsJFrCvcc87iAdOQMy6BCkQiw=
github.com/gophercises/urlshort v0.0.0-20190723121003-cc800dbaf411/go.mod h1:uSADXLeo9rvYEF7fbNcZ9/84Tk8j3gggJ/ha5iO21MI=
